{
  "nodes": {
    "nixpkgs": {
      "locked": {
        "lastModified": 1729449015,
        "narHash": "sha256-Gf04dXB0n4q0A9G5nTGH3zuMGr6jtJppqdeljxua1fo=",
        "rev": "89172919243df199fe237ba0f776c3e3e3d72367",
        "revCount": 636030,
        "type": "tarball",
        "url": "https://api.flakehub.com/f/pinned/NixOS/nixpkgs/0.2405.636030%2Brev-89172919243df199fe237ba0f776c3e3e3d72367/0192b3f3-a2eb-7013-a563-55056c1705cd/source.tar.gz"
      },
      "original": {
        "type": "tarball",
        "url": "https://flakehub.com/f/NixOS/nixpkgs/0.2405.%2A.tar.gz"
      }
    },
    "root": {
      "inputs": {
        "nixpkgs": "nixpkgs"
      }
    }
  },
  "root": "root",
  "version": 7
}
